// !$*UTF8*$!
{
	archiveVersion = 1;
	classes = {
	};
	objectVersion = 50;
	objects = {

/* Begin PBXBuildFile section */
		9A49E468246291AE00A99516 /* AppDelegate.swift in Sources */ = {isa = PBXBuildFile; fileRef = 9A49E467246291AE00A99516 /* AppDelegate.swift */; };
		9A49E46A246291AE00A99516 /* SceneDelegate.swift in Sources */ = {isa = PBXBuildFile; fileRef = 9A49E469246291AE00A99516 /* SceneDelegate.swift */; };
		9A49E46C246291AE00A99516 /* ViewController.swift in Sources */ = {isa = PBXBuildFile; fileRef = 9A49E46B246291AE00A99516 /* ViewController.swift */; };
		9A49E46F246291AE00A99516 /* Main.storyboard in Resources */ = {isa = PBXBuildFile; fileRef = 9A49E46D246291AE00A99516 /* Main.storyboard */; };
		9A49E471246291B000A99516 /* Assets.xcassets in Resources */ = {isa = PBXBuildFile; fileRef = 9A49E470246291B000A99516 /* Assets.xcassets */; };
		9A49E474246291B000A99516 /* LaunchScreen.storyboard in Resources */ = {isa = PBXBuildFile; fileRef = 9A49E472246291B000A99516 /* LaunchScreen.storyboard */; };
		9A49E47D2462920100A99516 /* UIColor+ColorTemperature.swift in Sources */ = {isa = PBXBuildFile; fileRef = 9A49E47C2462920100A99516 /* UIColor+ColorTemperature.swift */; };
		9A49E47F2462924300A99516 /* HueUtilities.swift in Sources */ = {isa = PBXBuildFile; fileRef = 9A49E47E2462924300A99516 /* HueUtilities.swift */; };
		9A49E4812462EE1000A99516 /* ColorWheel.swift in Sources */ = {isa = PBXBuildFile; fileRef = 9A49E4802462EE1000A99516 /* ColorWheel.swift */; };
		9A49E4832463234D00A99516 /* Api.swift in Sources */ = {isa = PBXBuildFile; fileRef = 9A49E4822463234D00A99516 /* Api.swift */; };
/* End PBXBuildFile section */

/* Begin PBXFileReference section */
		9A49E464246291AE00A99516 /* HuePlay.app */ = {isa = PBXFileReference; explicitFileType = wrapper.application; includeInIndex = 0; path = HuePlay.app; sourceTree = BUILT_PRODUCTS_DIR; };
		9A49E467246291AE00A99516 /* AppDelegate.swift */ = {isa = PBXFileReference; lastKnownFileType = sourcecode.swift; path = AppDelegate.swift; sourceTree = "<group>"; };
		9A49E469246291AE00A99516 /* SceneDelegate.swift */ = {isa = PBXFileReference; lastKnownFileType = sourcecode.swift; path = SceneDelegate.swift; sourceTree = "<group>"; };
		9A49E46B246291AE00A99516 /* ViewController.swift */ = {isa = PBXFileReference; lastKnownFileType = sourcecode.swift; path = ViewController.swift; sourceTree = "<group>"; };
		9A49E46E246291AE00A99516 /* Base */ = {isa = PBXFileReference; lastKnownFileType = file.storyboard; name = Base; path = Base.lproj/Main.storyboard; sourceTree = "<group>"; };
		9A49E470246291B000A99516 /* Assets.xcassets */ = {isa = PBXFileReference; lastKnownFileType = folder.assetcatalog; path = Assets.xcassets; sourceTree = "<group>"; };
		9A49E473246291B000A99516 /* Base */ = {isa = PBXFileReference; lastKnownFileType = file.storyboard; name = Base; path = Base.lproj/LaunchScreen.storyboard; sourceTree = "<group>"; };
		9A49E475246291B000A99516 /* Info.plist */ = {isa = PBXFileReference; lastKnownFileType = text.plist.xml; path = Info.plist; sourceTree = "<group>"; };
		9A49E47C2462920100A99516 /* UIColor+ColorTemperature.swift */ = {isa = PBXFileReference; lastKnownFileType = sourcecode.swift; path = "UIColor+ColorTemperature.swift"; sourceTree = "<group>"; };
		9A49E47E2462924300A99516 /* HueUtilities.swift */ = {isa = PBXFileReference; lastKnownFileType = sourcecode.swift; path = HueUtilities.swift; sourceTree = "<group>"; };
		9A49E4802462EE1000A99516 /* ColorWheel.swift */ = {isa = PBXFileReference; lastKnownFileType = sourcecode.swift; path = ColorWheel.swift; sourceTree = "<group>"; };
		9A49E4822463234D00A99516 /* Api.swift */ = {isa = PBXFileReference; lastKnownFileType = sourcecode.swift; path = Api.swift; sourceTree = "<group>"; };
/* End PBXFileReference section */

/* Begin PBXFrameworksBuildPhase section */
		9A49E461246291AE00A99516 /* Frameworks */ = {
			isa = PBXFrameworksBuildPhase;
			buildActionMask = 2147483647;
			files = (
			);
			runOnlyForDeploymentPostprocessing = 0;
		};
/* End PBXFrameworksBuildPhase section */

/* Begin PBXGroup section */
		9A49E45B246291AE00A99516 = {
			isa = PBXGroup;
			children = (
				9A49E466246291AE00A99516 /* HuePlay */,
				9A49E465246291AE00A99516 /* Products */,
			);
			sourceTree = "<group>";
		};
		9A49E465246291AE00A99516 /* Products */ = {
			isa = PBXGroup;
			children = (
				9A49E464246291AE00A99516 /* HuePlay.app */,
			);
			name = Products;
			sourceTree = "<group>";
		};
		9A49E466246291AE00A99516 /* HuePlay */ = {
			isa = PBXGroup;
			children = (
				9A49E47B246291D100A99516 /* Sources */,
				9A49E467246291AE00A99516 /* AppDelegate.swift */,
				9A49E469246291AE00A99516 /* SceneDelegate.swift */,
				9A49E46D246291AE00A99516 /* Main.storyboard */,
				9A49E470246291B000A99516 /* Assets.xcassets */,
				9A49E472246291B000A99516 /* LaunchScreen.storyboard */,
				9A49E475246291B000A99516 /* Info.plist */,
			);
			path = HuePlay;
			sourceTree = "<group>";
		};
		9A49E47B246291D100A99516 /* Sources */ = {
			isa = PBXGroup;
			children = (
				9A49E46B246291AE00A99516 /* ViewController.swift */,
				9A49E47C2462920100A99516 /* UIColor+ColorTemperature.swift */,
				9A49E47E2462924300A99516 /* HueUtilities.swift */,
				9A49E4802462EE1000A99516 /* ColorWheel.swift */,
				9A49E4822463234D00A99516 /* Api.swift */,
			);
			path = Sources;
			sourceTree = "<group>";
		};
/* End PBXGroup section */

/* Begin PBXNativeTarget section */
		9A49E463246291AE00A99516 /* HuePlay */ = {
			isa = PBXNativeTarget;
			buildConfigurationList = 9A49E478246291B000A99516 /* Build configuration list for PBXNativeTarget "HuePlay" */;
			buildPhases = (
				9A49E460246291AE00A99516 /* Sources */,
				9A49E461246291AE00A99516 /* Frameworks */,
				9A49E462246291AE00A99516 /* Resources */,
			);
			buildRules = (
			);
			dependencies = (
			);
			name = HuePlay;
			productName = HuePlay;
			productReference = 9A49E464246291AE00A99516 /* HuePlay.app */;
			productType = "com.apple.product-type.application";
		};
/* End PBXNativeTarget section */

/* Begin PBXProject section */
		9A49E45C246291AE00A99516 /* Project object */ = {
			isa = PBXProject;
			attributes = {
				LastSwiftUpdateCheck = 1140;
				LastUpgradeCheck = 1140;
				ORGANIZATIONNAME = Tibber;
				TargetAttributes = {
					9A49E463246291AE00A99516 = {
						CreatedOnToolsVersion = 11.4.1;
					};
				};
			};
			buildConfigurationList = 9A49E45F246291AE00A99516 /* Build configuration list for PBXProject "HuePlay" */;
			compatibilityVersion = "Xcode 9.3";
			developmentRegion = en;
			hasScannedForEncodings = 0;
			knownRegions = (
				en,
				Base,
			);
			mainGroup = 9A49E45B246291AE00A99516;
			productRefGroup = 9A49E465246291AE00A99516 /* Products */;
			projectDirPath = "";
			projectRoot = "";
			targets = (
				9A49E463246291AE00A99516 /* HuePlay */,
			);
		};
/* End PBXProject section */

/* Begin PBXResourcesBuildPhase section */
		9A49E462246291AE00A99516 /* Resources */ = {
			isa = PBXResourcesBuildPhase;
			buildActionMask = 2147483647;
			files = (
				9A49E474246291B000A99516 /* LaunchScreen.storyboard in Resources */,
				9A49E471246291B000A99516 /* Assets.xcassets in Resources */,
				9A49E46F246291AE00A99516 /* Main.storyboard in Resources */,
			);
			runOnlyForDeploymentPostprocessing = 0;
		};
/* End PBXResourcesBuildPhase section */

/* Begin PBXSourcesBuildPhase section */
		9A49E460246291AE00A99516 /* Sources */ = {
			isa = PBXSourcesBuildPhase;
			buildActionMask = 2147483647;
			files = (
				9A49E47F2462924300A99516 /* HueUtilities.swift in Sources */,
				9A49E46C246291AE00A99516 /* ViewController.swift in Sources */,
				9A49E468246291AE00A99516 /* AppDelegate.swift in Sources */,
				9A49E47D2462920100A99516 /* UIColor+ColorTemperature.swift in Sources */,
				9A49E46A246291AE00A99516 /* SceneDelegate.swift in Sources */,
				9A49E4832463234D00A99516 /* Api.swift in Sources */,
				9A49E4812462EE1000A99516 /* ColorWheel.swift in Sources */,
			);
			runOnlyForDeploymentPostprocessing = 0;
		};
/* End PBXSourcesBuildPhase section */

/* Begin PBXVariantGroup section */
		9A49E46D246291AE00A99516 /* Main.storyboard */ = {
			isa = PBXVariantGroup;
			children = (
				9A49E46E246291AE00A99516 /* Base */,
			);
			name = Main.storyboard;
			sourceTree = "<group>";
		};
		9A49E472246291B000A99516 /* LaunchScreen.storyboard */ = {
			isa = PBXVariantGroup;
			children = (
				9A49E473246291B000A99516 /* Base */,
			);
			name = LaunchScreen.storyboard;
			sourceTree = "<group>";
		};
/* End PBXVariantGroup section */

/* Begin XCBuildConfiguration section */
		9A49E476246291B000A99516 /* Debug */ = {
			isa = XCBuildConfiguration;
			buildSettings = {
				ALWAYS_SEARCH_USER_PATHS = NO;
				CLANG_ANALYZER_NONNULL = YES;
				CLANG_ANALYZER_NUMBER_OBJECT_CONVERSION = YES_AGGRESSIVE;
				CLANG_CXX_LANGUAGE_STANDARD = "gnu++14";
				CLANG_CXX_LIBRARY = "libc++";
				CLANG_ENABLE_MODULES = YES;
				CLANG_ENABLE_OBJC_ARC = YES;
				CLANG_ENABLE_OBJC_WEAK = YES;
				CLANG_WARN_BLOCK_CAPTURE_AUTORELEASING = YES;
				CLANG_WARN_BOOL_CONVERSION = YES;
				CLANG_WARN_COMMA = YES;
				CLANG_WARN_CONSTANT_CONVERSION = YES;
				CLANG_WARN_DEPRECATED_OBJC_IMPLEMENTATIONS = YES;
				CLANG_WARN_DIRECT_OBJC_ISA_USAGE = YES_ERROR;
				CLANG_WARN_DOCUMENTATION_COMMENTS = YES;
				CLANG_WARN_EMPTY_BODY = YES;
				CLANG_WARN_ENUM_CONVERSION = YES;
				CLANG_WARN_INFINITE_RECURSION = YES;
				CLANG_WARN_INT_CONVERSION = YES;
				CLANG_WARN_NON_LITERAL_NULL_CONVERSION = YES;
				CLANG_WARN_OBJC_IMPLICIT_RETAIN_SELF = YES;
				CLANG_WARN_OBJC_LITERAL_CONVERSION = YES;
				CLANG_WARN_OBJC_ROOT_CLASS = YES_ERROR;
				CLANG_WARN_RANGE_LOOP_ANALYSIS = YES;
				CLANG_WARN_STRICT_PROTOTYPES = YES;
				CLANG_WARN_SUSPICIOUS_MOVE = YES;
				CLANG_WARN_UNGUARDED_AVAILABILITY = YES_AGGRESSIVE;
				CLANG_WARN_UNREACHABLE_CODE = YES;
				CLANG_WARN__DUPLICATE_METHOD_MATCH = YES;
				COPY_PHASE_STRIP = NO;
				DEBUG_INFORMATION_FORMAT = dwarf;
				ENABLE_STRICT_OBJC_MSGSEND = YES;
				ENABLE_TESTABILITY = YES;
				GCC_C_LANGUAGE_STANDARD = gnu11;
				GCC_DYNAMIC_NO_PIC = NO;
				GCC_NO_COMMON_BLOCKS = YES;
				GCC_OPTIMIZATION_LEVEL = 0;
				GCC_PREPROCESSOR_DEFINITIONS = (
					"DEBUG=1",
					"$(inherited)",
				);
				GCC_WARN_64_TO_32_BIT_CONVERSION = YES;
				GCC_WARN_ABOUT_RETURN_TYPE = YES_ERROR;
				GCC_WARN_UNDECLARED_SELECTOR = YES;
				GCC_WARN_UNINITIALIZED_AUTOS = YES_AGGRESSIVE;
				GCC_WARN_UNUSED_FUNCTION = YES;
				GCC_WARN_UNUSED_VARIABLE = YES;
				IPHONEOS_DEPLOYMENT_TARGET = 13.4;
				MTL_ENABLE_DEBUG_INFO = INCLUDE_SOURCE;
				MTL_FAST_MATH = YES;
				ONLY_ACTIVE_ARCH = YES;
				SDKROOT = iphoneos;
				SWIFT_ACTIVE_COMPILATION_CONDITIONS = DEBUG;
				SWIFT_OPTIMIZATION_LEVEL = "-Onone";
			};
			name = Debug;
		};
		9A49E477246291B000A99516 /* Release */ = {
			isa = XCBuildConfiguration;
			buildSettings = {
				ALWAYS_SEARCH_USER_PATHS = NO;
				CLANG_ANALYZER_NONNULL = YES;
				CLANG_ANALYZER_NUMBER_OBJECT_CONVERSION = YES_AGGRESSIVE;
				CLANG_CXX_LANGUAGE_STANDARD = "gnu++14";
				CLANG_CXX_LIBRARY = "libc++";
				CLANG_ENABLE_MODULES = YES;
				CLANG_ENABLE_OBJC_ARC = YES;
				CLANG_ENABLE_OBJC_WEAK = YES;
				CLANG_WARN_BLOCK_CAPTURE_AUTORELEASING = YES;
				CLANG_WARN_BOOL_CONVERSION = YES;
				CLANG_WARN_COMMA = YES;
				CLANG_WARN_CONSTANT_CONVERSION = YES;
				CLANG_WARN_DEPRECATED_OBJC_IMPLEMENTATIONS = YES;
				CLANG_WARN_DIRECT_OBJC_ISA_USAGE = YES_ERROR;
				CLANG_WARN_DOCUMENTATION_COMMENTS = YES;
				CLANG_WARN_EMPTY_BODY = YES;
				CLANG_WARN_ENUM_CONVERSION = YES;
				CLANG_WARN_INFINITE_RECURSION = YES;
				CLANG_WARN_INT_CONVERSION = YES;
				CLANG_WARN_NON_LITERAL_NULL_CONVERSION = YES;
				CLANG_WARN_OBJC_IMPLICIT_RETAIN_SELF = YES;
				CLANG_WARN_OBJC_LITERAL_CONVERSION = YES;
				CLANG_WARN_OBJC_ROOT_CLASS = YES_ERROR;
				CLANG_WARN_RANGE_LOOP_ANALYSIS = YES;
				CLANG_WARN_STRICT_PROTOTYPES = YES;
				CLANG_WARN_SUSPICIOUS_MOVE = YES;
				CLANG_WARN_UNGUARDED_AVAILABILITY = YES_AGGRESSIVE;
				CLANG_WARN_UNREACHABLE_CODE = YES;
				CLANG_WARN__DUPLICATE_METHOD_MATCH = YES;
				COPY_PHASE_STRIP = NO;
				DEBUG_INFORMATION_FORMAT = "dwarf-with-dsym";
				ENABLE_NS_ASSERTIONS = NO;
				ENABLE_STRICT_OBJC_MSGSEND = YES;
				GCC_C_LANGUAGE_STANDARD = gnu11;
				GCC_NO_COMMON_BLOCKS = YES;
				GCC_WARN_64_TO_32_BIT_CONVERSION = YES;
				GCC_WARN_ABOUT_RETURN_TYPE = YES_ERROR;
				GCC_WARN_UNDECLARED_SELECTOR = YES;
				GCC_WARN_UNINITIALIZED_AUTOS = YES_AGGRESSIVE;
				GCC_WARN_UNUSED_FUNCTION = YES;
				GCC_WARN_UNUSED_VARIABLE = YES;
				IPHONEOS_DEPLOYMENT_TARGET = 13.4;
				MTL_ENABLE_DEBUG_INFO = NO;
				MTL_FAST_MATH = YES;
				SDKROOT = iphoneos;
				SWIFT_COMPILATION_MODE = wholemodule;
				SWIFT_OPTIMIZATION_LEVEL = "-O";
				VALIDATE_PRODUCT = YES;
			};
			name = Release;
		};
		9A49E479246291B000A99516 /* Debug */ = {
			isa = XCBuildConfiguration;
			buildSettings = {
				ASSETCATALOG_COMPILER_APPICON_NAME = AppIcon;
				CODE_SIGN_STYLE = Automatic;
				DEVELOPMENT_TEAM = 79J7LR9BDZ;
				INFOPLIST_FILE = HuePlay/Info.plist;
				LD_RUNPATH_SEARCH_PATHS = (
					"$(inherited)",
					"@executable_path/Frameworks",
				);
				PRODUCT_BUNDLE_IDENTIFIER = vgillestad.com.HuePlay;
				PRODUCT_NAME = "$(TARGET_NAME)";
				SWIFT_VERSION = 5.0;
				TARGETED_DEVICE_FAMILY = "1,2";
			};
			name = Debug;
		};
		9A49E47A246291B000A99516 /* Release */ = {
			isa = XCBuildConfiguration;
			buildSettings = {
				ASSETCATALOG_COMPILER_APPICON_NAME = AppIcon;
				CODE_SIGN_STYLE = Automatic;
				DEVELOPMENT_TEAM = 79J7LR9BDZ;
				INFOPLIST_FILE = HuePlay/Info.plist;
				LD_RUNPATH_SEARCH_PATHS = (
					"$(inherited)",
					"@executable_path/Frameworks",
				);
				PRODUCT_BUNDLE_IDENTIFIER = vgillestad.com.HuePlay;
				PRODUCT_NAME = "$(TARGET_NAME)";
				SWIFT_VERSION = 5.0;
				TARGETED_DEVICE_FAMILY = "1,2";
			};
			name = Release;
		};
/* End XCBuildConfiguration section */

/* Begin XCConfigurationList section */
		9A49E45F246291AE00A99516 /* Build configuration list for PBXProject "HuePlay" */ = {
			isa = XCConfigurationList;
			buildConfigurations = (
				9A49E476246291B000A99516 /* Debug */,
				9A49E477246291B000A99516 /* Release */,
			);
			defaultConfigurationIsVisible = 0;
			defaultConfigurationName = Release;
		};
		9A49E478246291B000A99516 /* Build configuration list for PBXNativeTarget "HuePlay" */ = {
			isa = XCConfigurationList;
			buildConfigurations = (
				9A49E479246291B000A99516 /* Debug */,
				9A49E47A246291B000A99516 /* Release */,
			);
			defaultConfigurationIsVisible = 0;
			defaultConfigurationName = Release;
		};
/* End XCConfigurationList section */
	};
	rootObject = 9A49E45C246291AE00A99516 /* Project object */;
}
